// !$*UTF8*$!
{
	archiveVersion = 1;
	classes = {
	};
	objectVersion = 50;
	objects = {

/* Begin PBXBuildFile section */
		AEA9194820E776AB00281430 /* AppDelegate.swift in Sources */ = {isa = PBXBuildFile; fileRef = AEA9194720E776AB00281430 /* AppDelegate.swift */; };
		AEA9194A20E776AB00281430 /* ViewController.swift in Sources */ = {isa = PBXBuildFile; fileRef = AEA9194920E776AB00281430 /* ViewController.swift */; };
		AEA9194D20E776AB00281430 /* Main.storyboard in Resources */ = {isa = PBXBuildFile; fileRef = AEA9194B20E776AB00281430 /* Main.storyboard */; };
		AEA9194F20E776AB00281430 /* Assets.xcassets in Resources */ = {isa = PBXBuildFile; fileRef = AEA9194E20E776AB00281430 /* Assets.xcassets */; };
		AEA9195220E776AB00281430 /* LaunchScreen.storyboard in Resources */ = {isa = PBXBuildFile; fileRef = AEA9195020E776AB00281430 /* LaunchScreen.storyboard */; };
		AEA9198020E8DE6400281430 /* EthnicityPopOverViewController.swift in Sources */ = {isa = PBXBuildFile; fileRef = AEA9197F20E8DE6400281430 /* EthnicityPopOverViewController.swift */; };
		AEA9198220E8E00E00281430 /* Shared.swift in Sources */ = {isa = PBXBuildFile; fileRef = AEA9198120E8E00E00281430 /* Shared.swift */; };
		AEA9198420E8E3BC00281430 /* EthnicityViewController.swift in Sources */ = {isa = PBXBuildFile; fileRef = AEA9198320E8E3BC00281430 /* EthnicityViewController.swift */; };
		E4AAB7BD20EA0CF70008B872 /* CreatePlateTableViewController.swift in Sources */ = {isa = PBXBuildFile; fileRef = E4AAB7BC20EA0CF70008B872 /* CreatePlateTableViewController.swift */; };
		E4AAB7BF20EA11E50008B872 /* OutputViewController.swift in Sources */ = {isa = PBXBuildFile; fileRef = E4AAB7BE20EA11E50008B872 /* OutputViewController.swift */; };
		E4AAB7FF20EA94BB0008B872 /* Model.xcdatamodeld in Sources */ = {isa = PBXBuildFile; fileRef = E4AAB7FD20EA94BB0008B872 /* Model.xcdatamodeld */; };
/* End PBXBuildFile section */

/* Begin PBXFileReference section */
		AEA9194420E776AB00281430 /* VitalityApp.app */ = {isa = PBXFileReference; explicitFileType = wrapper.application; includeInIndex = 0; path = VitalityApp.app; sourceTree = BUILT_PRODUCTS_DIR; };
		AEA9194720E776AB00281430 /* AppDelegate.swift */ = {isa = PBXFileReference; lastKnownFileType = sourcecode.swift; path = AppDelegate.swift; sourceTree = "<group>"; };
		AEA9194920E776AB00281430 /* ViewController.swift */ = {isa = PBXFileReference; lastKnownFileType = sourcecode.swift; path = ViewController.swift; sourceTree = "<group>"; };
		AEA9194C20E776AB00281430 /* Base */ = {isa = PBXFileReference; lastKnownFileType = file.storyboard; name = Base; path = Base.lproj/Main.storyboard; sourceTree = "<group>"; };
		AEA9194E20E776AB00281430 /* Assets.xcassets */ = {isa = PBXFileReference; lastKnownFileType = folder.assetcatalog; path = Assets.xcassets; sourceTree = "<group>"; };
		AEA9195120E776AB00281430 /* Base */ = {isa = PBXFileReference; lastKnownFileType = file.storyboard; name = Base; path = Base.lproj/LaunchScreen.storyboard; sourceTree = "<group>"; };
		AEA9195320E776AB00281430 /* Info.plist */ = {isa = PBXFileReference; lastKnownFileType = text.plist.xml; path = Info.plist; sourceTree = "<group>"; };
		AEA9197F20E8DE6400281430 /* EthnicityPopOverViewController.swift */ = {isa = PBXFileReference; lastKnownFileType = sourcecode.swift; path = EthnicityPopOverViewController.swift; sourceTree = "<group>"; };
		AEA9198120E8E00E00281430 /* Shared.swift */ = {isa = PBXFileReference; lastKnownFileType = sourcecode.swift; path = Shared.swift; sourceTree = "<group>"; };
		AEA9198320E8E3BC00281430 /* EthnicityViewController.swift */ = {isa = PBXFileReference; lastKnownFileType = sourcecode.swift; path = EthnicityViewController.swift; sourceTree = "<group>"; };
		E4AAB7BC20EA0CF70008B872 /* CreatePlateTableViewController.swift */ = {isa = PBXFileReference; lastKnownFileType = sourcecode.swift; name = CreatePlateTableViewController.swift; path = ../CreatePlateTableViewController.swift; sourceTree = "<group>"; };
		E4AAB7BE20EA11E50008B872 /* OutputViewController.swift */ = {isa = PBXFileReference; lastKnownFileType = sourcecode.swift; path = OutputViewController.swift; sourceTree = "<group>"; };
		E4AAB7FE20EA94BB0008B872 /* Model.xcdatamodel */ = {isa = PBXFileReference; lastKnownFileType = wrapper.xcdatamodel; path = Model.xcdatamodel; sourceTree = "<group>"; };
/* End PBXFileReference section */

/* Begin PBXFrameworksBuildPhase section */
		AEA9194120E776AB00281430 /* Frameworks */ = {
			isa = PBXFrameworksBuildPhase;
			buildActionMask = 2147483647;
			files = (
			);
			runOnlyForDeploymentPostprocessing = 0;
		};
/* End PBXFrameworksBuildPhase section */

/* Begin PBXGroup section */
		AEA9193B20E776AB00281430 = {
			isa = PBXGroup;
			children = (
				AEA9194620E776AB00281430 /* VitalityApp */,
				AEA9194520E776AB00281430 /* Products */,
			);
			sourceTree = "<group>";
		};
		AEA9194520E776AB00281430 /* Products */ = {
			isa = PBXGroup;
			children = (
				AEA9194420E776AB00281430 /* VitalityApp.app */,
			);
			name = Products;
			sourceTree = "<group>";
		};
		AEA9194620E776AB00281430 /* VitalityApp */ = {
			isa = PBXGroup;
			children = (
				E4AAB7BC20EA0CF70008B872 /* CreatePlateTableViewController.swift */,
				E4AAB7BE20EA11E50008B872 /* OutputViewController.swift */,
				AEA9197F20E8DE6400281430 /* EthnicityPopOverViewController.swift */,
				AEA9194720E776AB00281430 /* AppDelegate.swift */,
				AEA9194920E776AB00281430 /* ViewController.swift */,
				AEA9198320E8E3BC00281430 /* EthnicityViewController.swift */,
				AEA9194B20E776AB00281430 /* Main.storyboard */,
				E4AAB7FD20EA94BB0008B872 /* Model.xcdatamodeld */,
				AEA9198120E8E00E00281430 /* Shared.swift */,
				AEA9194E20E776AB00281430 /* Assets.xcassets */,
				AEA9195020E776AB00281430 /* LaunchScreen.storyboard */,
				AEA9195320E776AB00281430 /* Info.plist */,
			);
			path = VitalityApp;
			sourceTree = "<group>";
		};
/* End PBXGroup section */

/* Begin PBXNativeTarget section */
		AEA9194320E776AB00281430 /* VitalityApp */ = {
			isa = PBXNativeTarget;
			buildConfigurationList = AEA9195620E776AB00281430 /* Build configuration list for PBXNativeTarget "VitalityApp" */;
			buildPhases = (
				AEA9194020E776AB00281430 /* Sources */,
				AEA9194120E776AB00281430 /* Frameworks */,
				AEA9194220E776AB00281430 /* Resources */,
			);
			buildRules = (
			);
			dependencies = (
			);
			name = VitalityApp;
			productName = VitalityApp;
			productReference = AEA9194420E776AB00281430 /* VitalityApp.app */;
			productType = "com.apple.product-type.application";
		};
/* End PBXNativeTarget section */

/* Begin PBXProject section */
		AEA9193C20E776AB00281430 /* Project object */ = {
			isa = PBXProject;
			attributes = {
				LastSwiftUpdateCheck = 0940;
				LastUpgradeCheck = 0940;
				ORGANIZATIONNAME = "Eric Joseph Lee";
				TargetAttributes = {
					AEA9194320E776AB00281430 = {
						CreatedOnToolsVersion = 9.4.1;
					};
				};
			};
			buildConfigurationList = AEA9193F20E776AB00281430 /* Build configuration list for PBXProject "VitalityApp" */;
			compatibilityVersion = "Xcode 9.3";
			developmentRegion = en;
			hasScannedForEncodings = 0;
			knownRegions = (
				en,
				Base,
			);
			mainGroup = AEA9193B20E776AB00281430;
			productRefGroup = AEA9194520E776AB00281430 /* Products */;
			projectDirPath = "";
			projectRoot = "";
			targets = (
				AEA9194320E776AB00281430 /* VitalityApp */,
			);
		};
/* End PBXProject section */

/* Begin PBXResourcesBuildPhase section */
		AEA9194220E776AB00281430 /* Resources */ = {
			isa = PBXResourcesBuildPhase;
			buildActionMask = 2147483647;
			files = (
				AEA9195220E776AB00281430 /* LaunchScreen.storyboard in Resources */,
				AEA9194F20E776AB00281430 /* Assets.xcassets in Resources */,
				AEA9194D20E776AB00281430 /* Main.storyboard in Resources */,
			);
			runOnlyForDeploymentPostprocessing = 0;
		};
/* End PBXResourcesBuildPhase section */

/* Begin PBXSourcesBuildPhase section */
		AEA9194020E776AB00281430 /* Sources */ = {
			isa = PBXSourcesBuildPhase;
			buildActionMask = 2147483647;
			files = (
				E4AAB7BF20EA11E50008B872 /* OutputViewController.swift in Sources */,
				E4AAB7BD20EA0CF70008B872 /* CreatePlateTableViewController.swift in Sources */,
				AEA9198020E8DE6400281430 /* EthnicityPopOverViewController.swift in Sources */,
				E4AAB7FF20EA94BB0008B872 /* Model.xcdatamodeld in Sources */,
				AEA9198420E8E3BC00281430 /* EthnicityViewController.swift in Sources */,
				AEA9194A20E776AB00281430 /* ViewController.swift in Sources */,
				AEA9198220E8E00E00281430 /* Shared.swift in Sources */,
				AEA9194820E776AB00281430 /* AppDelegate.swift in Sources */,
			);
			runOnlyForDeploymentPostprocessing = 0;
		};
/* End PBXSourcesBuildPhase section */

/* Begin PBXVariantGroup section */
		AEA9194B20E776AB00281430 /* Main.storyboard */ = {
			isa = PBXVariantGroup;
			children = (
				AEA9194C20E776AB00281430 /* Base */,
			);
			name = Main.storyboard;
			sourceTree = "<group>";
		};
		AEA9195020E776AB00281430 /* LaunchScreen.storyboard */ = {
			isa = PBXVariantGroup;
			children = (
				AEA9195120E776AB00281430 /* Base */,
			);
			name = LaunchScreen.storyboard;
			sourceTree = "<group>";
		};
/* End PBXVariantGroup section */

/* Begin XCBuildConfiguration section */
		AEA9195420E776AB00281430 /* Debug */ = {
			isa = XCBuildConfiguration;
			buildSettings = {
				ALWAYS_SEARCH_USER_PATHS = NO;
				CLANG_ANALYZER_NONNULL = YES;
				CLANG_ANALYZER_NUMBER_OBJECT_CONVERSION = YES_AGGRESSIVE;
				CLANG_CXX_LANGUAGE_STANDARD = "gnu++14";
				CLANG_CXX_LIBRARY = "libc++";
				CLANG_ENABLE_MODULES = YES;
				CLANG_ENABLE_OBJC_ARC = YES;
				CLANG_ENABLE_OBJC_WEAK = YES;
				CLANG_WARN_BLOCK_CAPTURE_AUTORELEASING = YES;
				CLANG_WARN_BOOL_CONVERSION = YES;
				CLANG_WARN_COMMA = YES;
				CLANG_WARN_CONSTANT_CONVERSION = YES;
				CLANG_WARN_DEPRECATED_OBJC_IMPLEMENTATIONS = YES;
				CLANG_WARN_DIRECT_OBJC_ISA_USAGE = YES_ERROR;
				CLANG_WARN_DOCUMENTATION_COMMENTS = YES;
				CLANG_WARN_EMPTY_BODY = YES;
				CLANG_WARN_ENUM_CONVERSION = YES;
				CLANG_WARN_INFINITE_RECURSION = YES;
				CLANG_WARN_INT_CONVERSION = YES;
				CLANG_WARN_NON_LITERAL_NULL_CONVERSION = YES;
				CLANG_WARN_OBJC_IMPLICIT_RETAIN_SELF = YES;
				CLANG_WARN_OBJC_LITERAL_CONVERSION = YES;
				CLANG_WARN_OBJC_ROOT_CLASS = YES_ERROR;
				CLANG_WARN_RANGE_LOOP_ANALYSIS = YES;
				CLANG_WARN_STRICT_PROTOTYPES = YES;
				CLANG_WARN_SUSPICIOUS_MOVE = YES;
				CLANG_WARN_UNGUARDED_AVAILABILITY = YES_AGGRESSIVE;
				CLANG_WARN_UNREACHABLE_CODE = YES;
				CLANG_WARN__DUPLICATE_METHOD_MATCH = YES;
				CODE_SIGN_IDENTITY = "iPhone Developer";
				COPY_PHASE_STRIP = NO;
				DEBUG_INFORMATION_FORMAT = dwarf;
				ENABLE_STRICT_OBJC_MSGSEND = YES;
				ENABLE_TESTABILITY = YES;
				GCC_C_LANGUAGE_STANDARD = gnu11;
				GCC_DYNAMIC_NO_PIC = NO;
				GCC_NO_COMMON_BLOCKS = YES;
				GCC_OPTIMIZATION_LEVEL = 0;
				GCC_PREPROCESSOR_DEFINITIONS = (
					"DEBUG=1",
					"$(inherited)",
				);
				GCC_WARN_64_TO_32_BIT_CONVERSION = YES;
				GCC_WARN_ABOUT_RETURN_TYPE = YES_ERROR;
				GCC_WARN_UNDECLARED_SELECTOR = YES;
				GCC_WARN_UNINITIALIZED_AUTOS = YES_AGGRESSIVE;
				GCC_WARN_UNUSED_FUNCTION = YES;
				GCC_WARN_UNUSED_VARIABLE = YES;
				IPHONEOS_DEPLOYMENT_TARGET = 11.4;
				MTL_ENABLE_DEBUG_INFO = YES;
				ONLY_ACTIVE_ARCH = YES;
				SDKROOT = iphoneos;
				SWIFT_ACTIVE_COMPILATION_CONDITIONS = DEBUG;
				SWIFT_OPTIMIZATION_LEVEL = "-Onone";
			};
			name = Debug;
		};
		AEA9195520E776AB00281430 /* Release */ = {
			isa = XCBuildConfiguration;
			buildSettings = {
				ALWAYS_SEARCH_USER_PATHS = NO;
				CLANG_ANALYZER_NONNULL = YES;
				CLANG_ANALYZER_NUMBER_OBJECT_CONVERSION = YES_AGGRESSIVE;
				CLANG_CXX_LANGUAGE_STANDARD = "gnu++14";
				CLANG_CXX_LIBRARY = "libc++";
				CLANG_ENABLE_MODULES = YES;
				CLANG_ENABLE_OBJC_ARC = YES;
				CLANG_ENABLE_OBJC_WEAK = YES;
				CLANG_WARN_BLOCK_CAPTURE_AUTORELEASING = YES;
				CLANG_WARN_BOOL_CONVERSION = YES;
				CLANG_WARN_COMMA = YES;
				CLANG_WARN_CONSTANT_CONVERSION = YES;
				CLANG_WARN_DEPRECATED_OBJC_IMPLEMENTATIONS = YES;
				CLANG_WARN_DIRECT_OBJC_ISA_USAGE = YES_ERROR;
				CLANG_WARN_DOCUMENTATION_COMMENTS = YES;
				CLANG_WARN_EMPTY_BODY = YES;
				CLANG_WARN_ENUM_CONVERSION = YES;
				CLANG_WARN_INFINITE_RECURSION = YES;
				CLANG_WARN_INT_CONVERSION = YES;
				CLANG_WARN_NON_LITERAL_NULL_CONVERSION = YES;
				CLANG_WARN_OBJC_IMPLICIT_RETAIN_SELF = YES;
				CLANG_WARN_OBJC_LITERAL_CONVERSION = YES;
				CLANG_WARN_OBJC_ROOT_CLASS = YES_ERROR;
				CLANG_WARN_RANGE_LOOP_ANALYSIS = YES;
				CLANG_WARN_STRICT_PROTOTYPES = YES;
				CLANG_WARN_SUSPICIOUS_MOVE = YES;
				CLANG_WARN_UNGUARDED_AVAILABILITY = YES_AGGRESSIVE;
				CLANG_WARN_UNREACHABLE_CODE = YES;
				CLANG_WARN__DUPLICATE_METHOD_MATCH = YES;
				CODE_SIGN_IDENTITY = "iPhone Developer";
				COPY_PHASE_STRIP = NO;
				DEBUG_INFORMATION_FORMAT = "dwarf-with-dsym";
				ENABLE_NS_ASSERTIONS = NO;
				ENABLE_STRICT_OBJC_MSGSEND = YES;
				GCC_C_LANGUAGE_STANDARD = gnu11;
				GCC_NO_COMMON_BLOCKS = YES;
				GCC_WARN_64_TO_32_BIT_CONVERSION = YES;
				GCC_WARN_ABOUT_RETURN_TYPE = YES_ERROR;
				GCC_WARN_UNDECLARED_SELECTOR = YES;
				GCC_WARN_UNINITIALIZED_AUTOS = YES_AGGRESSIVE;
				GCC_WARN_UNUSED_FUNCTION = YES;
				GCC_WARN_UNUSED_VARIABLE = YES;
				IPHONEOS_DEPLOYMENT_TARGET = 11.4;
				MTL_ENABLE_DEBUG_INFO = NO;
				SDKROOT = iphoneos;
				SWIFT_COMPILATION_MODE = wholemodule;
				SWIFT_OPTIMIZATION_LEVEL = "-O";
				VALIDATE_PRODUCT = YES;
			};
			name = Release;
		};
		AEA9195720E776AB00281430 /* Debug */ = {
			isa = XCBuildConfiguration;
			buildSettings = {
				ASSETCATALOG_COMPILER_APPICON_NAME = AppIcon;
				CODE_SIGN_STYLE = Automatic;
				INFOPLIST_FILE = VitalityApp/Info.plist;
				LD_RUNPATH_SEARCH_PATHS = (
					"$(inherited)",
					"@executable_path/Frameworks",
				);
				PRODUCT_BUNDLE_IDENTIFIER = CMPT276.VitalityApp;
				PRODUCT_NAME = "$(TARGET_NAME)";
				SWIFT_VERSION = 4.0;
				TARGETED_DEVICE_FAMILY = "1,2";
			};
			name = Debug;
		};
		AEA9195820E776AB00281430 /* Release */ = {
			isa = XCBuildConfiguration;
			buildSettings = {
				ASSETCATALOG_COMPILER_APPICON_NAME = AppIcon;
				CODE_SIGN_STYLE = Automatic;
				INFOPLIST_FILE = VitalityApp/Info.plist;
				LD_RUNPATH_SEARCH_PATHS = (
					"$(inherited)",
					"@executable_path/Frameworks",
				);
				PRODUCT_BUNDLE_IDENTIFIER = CMPT276.VitalityApp;
				PRODUCT_NAME = "$(TARGET_NAME)";
				SWIFT_VERSION = 4.0;
				TARGETED_DEVICE_FAMILY = "1,2";
			};
			name = Release;
		};
/* End XCBuildConfiguration section */

/* Begin XCConfigurationList section */
		AEA9193F20E776AB00281430 /* Build configuration list for PBXProject "VitalityApp" */ = {
			isa = XCConfigurationList;
			buildConfigurations = (
				AEA9195420E776AB00281430 /* Debug */,
				AEA9195520E776AB00281430 /* Release */,
			);
			defaultConfigurationIsVisible = 0;
			defaultConfigurationName = Release;
		};
		AEA9195620E776AB00281430 /* Build configuration list for PBXNativeTarget "VitalityApp" */ = {
			isa = XCConfigurationList;
			buildConfigurations = (
				AEA9195720E776AB00281430 /* Debug */,
				AEA9195820E776AB00281430 /* Release */,
			);
			defaultConfigurationIsVisible = 0;
			defaultConfigurationName = Release;
		};
/* End XCConfigurationList section */

/* Begin XCVersionGroup section */
		E4AAB7FD20EA94BB0008B872 /* Model.xcdatamodeld */ = {
			isa = XCVersionGroup;
			children = (
				E4AAB7FE20EA94BB0008B872 /* Model.xcdatamodel */,
			);
			currentVersion = E4AAB7FE20EA94BB0008B872 /* Model.xcdatamodel */;
			path = Model.xcdatamodeld;
			sourceTree = "<group>";
			versionGroupType = wrapper.xcdatamodel;
		};
/* End XCVersionGroup section */
	};
	rootObject = AEA9193C20E776AB00281430 /* Project object */;
}
